{
  "name": "@minhchain/telebot-mc",
  "version": "1.0.0",
  "lockfileVersion": 3,
  "requires": true,
  "packages": {
    "": {
      "name": "@minhchain/telebot-mc",
      "version": "1.0.0",
      "license": "ISC",
      "dependencies": {
        "telebot-mc": "^1.0.0"
      }
    },
    "node_modules/telebot-mc": {
      "version": "1.0.0",
      "resolved": "https://registry.npmjs.org/telebot-mc/-/telebot-mc-1.0.0.tgz",
      "integrity": "sha512-fZgOLkSMZckSyK9Gto0106YDFDZnBrVgLBC5CXh9bMfO2KBcEpH2y/+r8+0UeYuQ70fVq8pYH6W1CznqabVvCg=="
    }
  }
}
